
Microsoft Visual Studio Solution File, Format Version 12.00
# Visual Studio Version 17
VisualStudioVersion = 17.0.32014.148
MinimumVisualStudioVersion = 10.0.40219.1
Project("{FAE04EC0-301F-11D3-BF4B-00C04F79EFBC}") = "casinoGame", "casinoGame\casinoGame.csproj", "{FAB1A988-9F8F-40E0-886E-D45151F5C195}"
EndProject
Global
	GlobalSection(SolutionConfigurationPlatforms) = preSolution
		Debug|Any CPU = Debug|Any CPU
		Release|Any CPU = Release|Any CPU
	EndGlobalSection
	GlobalSection(ProjectConfigurationPlatforms) = postSolution
		{FAB1A988-9F8F-40E0-886E-D45151F5C195}.Debug|Any CPU.ActiveCfg = Debug|Any CPU
		{FAB1A988-9F8F-40E0-886E-D45151F5C195}.Debug|Any CPU.Build.0 = Debug|Any CPU
		{FAB1A988-9F8F-40E0-886E-D45151F5C195}.Release|Any CPU.ActiveCfg = Release|Any CPU
		{FAB1A988-9F8F-40E0-886E-D45151F5C195}.Release|Any CPU.Build.0 = Release|Any CPU
	EndGlobalSection
	GlobalSection(SolutionProperties) = preSolution
		HideSolutionNode = FALSE
	EndGlobalSection
	GlobalSection(ExtensibilityGlobals) = postSolution
		SolutionGuid = {5685C6A4-BF55-42AA-B362-7737E1E50202}
	EndGlobalSection
EndGlobal
